// !$*UTF8*$!
{
	archiveVersion = 1;
	classes = {
	};
	objectVersion = 46;
	objects = {

/* Begin PBXBuildFile section */
		621C3A8E1A42EE4200CF0DEB /* main.m in Sources */ = {isa = PBXBuildFile; fileRef = 621C3A8D1A42EE4200CF0DEB /* main.m */; };
		621C3A911A42EE4200CF0DEB /* AppDelegate.m in Sources */ = {isa = PBXBuildFile; fileRef = 621C3A901A42EE4200CF0DEB /* AppDelegate.m */; };
		621C3A941A42EE4200CF0DEB /* ViewController.m in Sources */ = {isa = PBXBuildFile; fileRef = 621C3A931A42EE4200CF0DEB /* ViewController.m */; };
		621C3A971A42EE4200CF0DEB /* Main.storyboard in Resources */ = {isa = PBXBuildFile; fileRef = 621C3A951A42EE4200CF0DEB /* Main.storyboard */; };
		621C3A991A42EE4200CF0DEB /* Images.xcassets in Resources */ = {isa = PBXBuildFile; fileRef = 621C3A981A42EE4200CF0DEB /* Images.xcassets */; };
		621C3A9C1A42EE4200CF0DEB /* LaunchScreen.xib in Resources */ = {isa = PBXBuildFile; fileRef = 621C3A9A1A42EE4200CF0DEB /* LaunchScreen.xib */; };
		621C3AA81A42EE4200CF0DEB /* StoryBookDemoTests.m in Sources */ = {isa = PBXBuildFile; fileRef = 621C3AA71A42EE4200CF0DEB /* StoryBookDemoTests.m */; };
		621C3AB31A42F66D00CF0DEB /* ZWDTableViewController.m in Sources */ = {isa = PBXBuildFile; fileRef = 621C3AB21A42F66D00CF0DEB /* ZWDTableViewController.m */; };
		627F04BA1A4D3CD70065B8BA /* windeSegueViewController.m in Sources */ = {isa = PBXBuildFile; fileRef = 627F04B91A4D3CD70065B8BA /* windeSegueViewController.m */; };
		627F04BD1A4D41BA0065B8BA /* GreenViewController.m in Sources */ = {isa = PBXBuildFile; fileRef = 627F04BC1A4D41BA0065B8BA /* GreenViewController.m */; };
		627F04C01A4D50AB0065B8BA /* yellowViewController.m in Sources */ = {isa = PBXBuildFile; fileRef = 627F04BF1A4D50AB0065B8BA /* yellowViewController.m */; };
		627F04C31A4D55350065B8BA /* blueViewController.m in Sources */ = {isa = PBXBuildFile; fileRef = 627F04C21A4D55350065B8BA /* blueViewController.m */; };
		62B690F11A43C72D00274A74 /* modelData.m in Sources */ = {isa = PBXBuildFile; fileRef = 62B690F01A43C72D00274A74 /* modelData.m */; };
		62B690F41A43EC9400274A74 /* CusTableViewCell.m in Sources */ = {isa = PBXBuildFile; fileRef = 62B690F31A43EC9400274A74 /* CusTableViewCell.m */; };
		62B690F61A43F26400274A74 /* BbsImg141576273566262_600*360.jpg in Resources */ = {isa = PBXBuildFile; fileRef = 62B690F51A43F26400274A74 /* BbsImg141576273566262_600*360.jpg */; };
		62B690F91A440E7900274A74 /* TableDetailViewController.m in Sources */ = {isa = PBXBuildFile; fileRef = 62B690F81A440E7900274A74 /* TableDetailViewController.m */; };
		62BA0B881A4A5CE5007C5F05 /* zhouwudeViewController.m in Sources */ = {isa = PBXBuildFile; fileRef = 62BA0B871A4A5CE5007C5F05 /* zhouwudeViewController.m */; };
		62BA0B8B1A4A63E4007C5F05 /* secondViewController.m in Sources */ = {isa = PBXBuildFile; fileRef = 62BA0B8A1A4A63E4007C5F05 /* secondViewController.m */; };
		62BA0B8F1A4A68C0007C5F05 /* thirdViewController.m in Sources */ = {isa = PBXBuildFile; fileRef = 62BA0B8D1A4A68C0007C5F05 /* thirdViewController.m */; };
		62BA0B901A4A68C0007C5F05 /* thirdViewController.xib in Resources */ = {isa = PBXBuildFile; fileRef = 62BA0B8E1A4A68C0007C5F05 /* thirdViewController.xib */; };
		62BA0BC51A4A97B1007C5F05 /* bookViewController.m in Sources */ = {isa = PBXBuildFile; fileRef = 62BA0BC41A4A97B1007C5F05 /* bookViewController.m */; };
		62D1CCA41BA2D8BC0082EAC3 /* ACon.m in Sources */ = {isa = PBXBuildFile; fileRef = 62D1CCA31BA2D8BC0082EAC3 /* ACon.m */; };
		62D1CCA71BA2D8CB0082EAC3 /* BCon.m in Sources */ = {isa = PBXBuildFile; fileRef = 62D1CCA61BA2D8CB0082EAC3 /* BCon.m */; };
		62D1CCAA1BA2E2EF0082EAC3 /* basicCellCon.m in Sources */ = {isa = PBXBuildFile; fileRef = 62D1CCA91BA2E2EF0082EAC3 /* basicCellCon.m */; };
		62D1CCAD1BA2E5010082EAC3 /* customCell.m in Sources */ = {isa = PBXBuildFile; fileRef = 62D1CCAC1BA2E5010082EAC3 /* customCell.m */; };
		62DD9B391A4964F800171347 /* gameTableViewController.m in Sources */ = {isa = PBXBuildFile; fileRef = 62DD9B381A4964F800171347 /* gameTableViewController.m */; };
/* End PBXBuildFile section */

/* Begin PBXContainerItemProxy section */
		621C3AA21A42EE4200CF0DEB /* PBXContainerItemProxy */ = {
			isa = PBXContainerItemProxy;
			containerPortal = 621C3A801A42EE4200CF0DEB /* Project object */;
			proxyType = 1;
			remoteGlobalIDString = 621C3A871A42EE4200CF0DEB;
			remoteInfo = StoryBookDemo;
		};
/* End PBXContainerItemProxy section */

/* Begin PBXFileReference section */
		621C3A881A42EE4200CF0DEB /* StoryBookDemo.app */ = {isa = PBXFileReference; explicitFileType = wrapper.application; includeInIndex = 0; path = StoryBookDemo.app; sourceTree = BUILT_PRODUCTS_DIR; };
		621C3A8C1A42EE4200CF0DEB /* Info.plist */ = {isa = PBXFileReference; lastKnownFileType = text.plist.xml; path = Info.plist; sourceTree = "<group>"; };
		621C3A8D1A42EE4200CF0DEB /* main.m */ = {isa = PBXFileReference; lastKnownFileType = sourcecode.c.objc; path = main.m; sourceTree = "<group>"; };
		621C3A8F1A42EE4200CF0DEB /* AppDelegate.h */ = {isa = PBXFileReference; lastKnownFileType = sourcecode.c.h; path = AppDelegate.h; sourceTree = "<group>"; };
		621C3A901A42EE4200CF0DEB /* AppDelegate.m */ = {isa = PBXFileReference; lastKnownFileType = sourcecode.c.objc; path = AppDelegate.m; sourceTree = "<group>"; };
		621C3A921A42EE4200CF0DEB /* ViewController.h */ = {isa = PBXFileReference; lastKnownFileType = sourcecode.c.h; path = ViewController.h; sourceTree = "<group>"; };
		621C3A931A42EE4200CF0DEB /* ViewController.m */ = {isa = PBXFileReference; lastKnownFileType = sourcecode.c.objc; path = ViewController.m; sourceTree = "<group>"; };
		621C3A961A42EE4200CF0DEB /* Base */ = {isa = PBXFileReference; lastKnownFileType = file.storyboard; name = Base; path = Base.lproj/Main.storyboard; sourceTree = "<group>"; };
		621C3A981A42EE4200CF0DEB /* Images.xcassets */ = {isa = PBXFileReference; lastKnownFileType = folder.assetcatalog; path = Images.xcassets; sourceTree = "<group>"; };
		621C3A9B1A42EE4200CF0DEB /* Base */ = {isa = PBXFileReference; lastKnownFileType = file.xib; name = Base; path = Base.lproj/LaunchScreen.xib; sourceTree = "<group>"; };
		621C3AA11A42EE4200CF0DEB /* StoryBookDemoTests.xctest */ = {isa = PBXFileReference; explicitFileType = wrapper.cfbundle; includeInIndex = 0; path = StoryBookDemoTests.xctest; sourceTree = BUILT_PRODUCTS_DIR; };
		621C3AA61A42EE4200CF0DEB /* Info.plist */ = {isa = PBXFileReference; lastKnownFileType = text.plist.xml; path = Info.plist; sourceTree = "<group>"; };
		621C3AA71A42EE4200CF0DEB /* StoryBookDemoTests.m */ = {isa = PBXFileReference; lastKnownFileType = sourcecode.c.objc; path = StoryBookDemoTests.m; sourceTree = "<group>"; };
		621C3AB11A42F66D00CF0DEB /* ZWDTableViewController.h */ = {isa = PBXFileReference; fileEncoding = 4; lastKnownFileType = sourcecode.c.h; path = ZWDTableViewController.h; sourceTree = "<group>"; };
		621C3AB21A42F66D00CF0DEB /* ZWDTableViewController.m */ = {isa = PBXFileReference; fileEncoding = 4; lastKnownFileType = sourcecode.c.objc; path = ZWDTableViewController.m; sourceTree = "<group>"; };
		627F04B81A4D3CD70065B8BA /* windeSegueViewController.h */ = {isa = PBXFileReference; fileEncoding = 4; lastKnownFileType = sourcecode.c.h; path = windeSegueViewController.h; sourceTree = "<group>"; };
		627F04B91A4D3CD70065B8BA /* windeSegueViewController.m */ = {isa = PBXFileReference; fileEncoding = 4; lastKnownFileType = sourcecode.c.objc; path = windeSegueViewController.m; sourceTree = "<group>"; };
		627F04BB1A4D41BA0065B8BA /* GreenViewController.h */ = {isa = PBXFileReference; fileEncoding = 4; lastKnownFileType = sourcecode.c.h; path = GreenViewController.h; sourceTree = "<group>"; };
		627F04BC1A4D41BA0065B8BA /* GreenViewController.m */ = {isa = PBXFileReference; fileEncoding = 4; lastKnownFileType = sourcecode.c.objc; path = GreenViewController.m; sourceTree = "<group>"; };
		627F04BE1A4D50AB0065B8BA /* yellowViewController.h */ = {isa = PBXFileReference; fileEncoding = 4; lastKnownFileType = sourcecode.c.h; path = yellowViewController.h; sourceTree = "<group>"; };
		627F04BF1A4D50AB0065B8BA /* yellowViewController.m */ = {isa = PBXFileReference; fileEncoding = 4; lastKnownFileType = sourcecode.c.objc; path = yellowViewController.m; sourceTree = "<group>"; };
		627F04C11A4D55350065B8BA /* blueViewController.h */ = {isa = PBXFileReference; fileEncoding = 4; lastKnownFileType = sourcecode.c.h; path = blueViewController.h; sourceTree = "<group>"; };
		627F04C21A4D55350065B8BA /* blueViewController.m */ = {isa = PBXFileReference; fileEncoding = 4; lastKnownFileType = sourcecode.c.objc; path = blueViewController.m; sourceTree = "<group>"; };
		62B690EF1A43C72D00274A74 /* modelData.h */ = {isa = PBXFileReference; fileEncoding = 4; lastKnownFileType = sourcecode.c.h; path = modelData.h; sourceTree = "<group>"; };
		62B690F01A43C72D00274A74 /* modelData.m */ = {isa = PBXFileReference; fileEncoding = 4; lastKnownFileType = sourcecode.c.objc; path = modelData.m; sourceTree = "<group>"; };
		62B690F21A43EC9400274A74 /* CusTableViewCell.h */ = {isa = PBXFileReference; fileEncoding = 4; lastKnownFileType = sourcecode.c.h; path = CusTableViewCell.h; sourceTree = "<group>"; };
		62B690F31A43EC9400274A74 /* CusTableViewCell.m */ = {isa = PBXFileReference; fileEncoding = 4; lastKnownFileType = sourcecode.c.objc; path = CusTableViewCell.m; sourceTree = "<group>"; };
		62B690F51A43F26400274A74 /* BbsImg141576273566262_600*360.jpg */ = {isa = PBXFileReference; lastKnownFileType = image.jpeg; path = "BbsImg141576273566262_600*360.jpg"; sourceTree = "<group>"; };
		62B690F71A440E7900274A74 /* TableDetailViewController.h */ = {isa = PBXFileReference; fileEncoding = 4; lastKnownFileType = sourcecode.c.h; path = TableDetailViewController.h; sourceTree = "<group>"; };
		62B690F81A440E7900274A74 /* TableDetailViewController.m */ = {isa = PBXFileReference; fileEncoding = 4; lastKnownFileType = sourcecode.c.objc; path = TableDetailViewController.m; sourceTree = "<group>"; };
		62BA0B861A4A5CE5007C5F05 /* zhouwudeViewController.h */ = {isa = PBXFileReference; fileEncoding = 4; lastKnownFileType = sourcecode.c.h; path = zhouwudeViewController.h; sourceTree = "<group>"; };
		62BA0B871A4A5CE5007C5F05 /* zhouwudeViewController.m */ = {isa = PBXFileReference; fileEncoding = 4; lastKnownFileType = sourcecode.c.objc; path = zhouwudeViewController.m; sourceTree = "<group>"; };
		62BA0B891A4A63E4007C5F05 /* secondViewController.h */ = {isa = PBXFileReference; fileEncoding = 4; lastKnownFileType = sourcecode.c.h; path = secondViewController.h; sourceTree = "<group>"; };
		62BA0B8A1A4A63E4007C5F05 /* secondViewController.m */ = {isa = PBXFileReference; fileEncoding = 4; lastKnownFileType = sourcecode.c.objc; path = secondViewController.m; sourceTree = "<group>"; };
		62BA0B8C1A4A68C0007C5F05 /* thirdViewController.h */ = {isa = PBXFileReference; fileEncoding = 4; lastKnownFileType = sourcecode.c.h; path = thirdViewController.h; sourceTree = "<group>"; };
		62BA0B8D1A4A68C0007C5F05 /* thirdViewController.m */ = {isa = PBXFileReference; fileEncoding = 4; lastKnownFileType = sourcecode.c.objc; path = thirdViewController.m; sourceTree = "<group>"; };
		62BA0B8E1A4A68C0007C5F05 /* thirdViewController.xib */ = {isa = PBXFileReference; fileEncoding = 4; lastKnownFileType = file.xib; path = thirdViewController.xib; sourceTree = "<group>"; };
		62BA0BC31A4A97B1007C5F05 /* bookViewController.h */ = {isa = PBXFileReference; fileEncoding = 4; lastKnownFileType = sourcecode.c.h; path = bookViewController.h; sourceTree = "<group>"; };
		62BA0BC41A4A97B1007C5F05 /* bookViewController.m */ = {isa = PBXFileReference; fileEncoding = 4; lastKnownFileType = sourcecode.c.objc; path = bookViewController.m; sourceTree = "<group>"; };
		62D1CCA21BA2D8BC0082EAC3 /* ACon.h */ = {isa = PBXFileReference; fileEncoding = 4; lastKnownFileType = sourcecode.c.h; path = ACon.h; sourceTree = "<group>"; };
		62D1CCA31BA2D8BC0082EAC3 /* ACon.m */ = {isa = PBXFileReference; fileEncoding = 4; lastKnownFileType = sourcecode.c.objc; path = ACon.m; sourceTree = "<group>"; };
		62D1CCA51BA2D8CB0082EAC3 /* BCon.h */ = {isa = PBXFileReference; fileEncoding = 4; lastKnownFileType = sourcecode.c.h; path = BCon.h; sourceTree = "<group>"; };
		62D1CCA61BA2D8CB0082EAC3 /* BCon.m */ = {isa = PBXFileReference; fileEncoding = 4; lastKnownFileType = sourcecode.c.objc; path = BCon.m; sourceTree = "<group>"; };
		62D1CCA81BA2E2EF0082EAC3 /* basicCellCon.h */ = {isa = PBXFileReference; fileEncoding = 4; lastKnownFileType = sourcecode.c.h; path = basicCellCon.h; sourceTree = "<group>"; };
		62D1CCA91BA2E2EF0082EAC3 /* basicCellCon.m */ = {isa = PBXFileReference; fileEncoding = 4; lastKnownFileType = sourcecode.c.objc; path = basicCellCon.m; sourceTree = "<group>"; };
		62D1CCAB1BA2E5010082EAC3 /* customCell.h */ = {isa = PBXFileReference; fileEncoding = 4; lastKnownFileType = sourcecode.c.h; path = customCell.h; sourceTree = "<group>"; };
		62D1CCAC1BA2E5010082EAC3 /* customCell.m */ = {isa = PBXFileReference; fileEncoding = 4; lastKnownFileType = sourcecode.c.objc; path = customCell.m; sourceTree = "<group>"; };
		62DD9B371A4964F800171347 /* gameTableViewController.h */ = {isa = PBXFileReference; fileEncoding = 4; lastKnownFileType = sourcecode.c.h; path = gameTableViewController.h; sourceTree = "<group>"; };
		62DD9B381A4964F800171347 /* gameTableViewController.m */ = {isa = PBXFileReference; fileEncoding = 4; lastKnownFileType = sourcecode.c.objc; path = gameTableViewController.m; sourceTree = "<group>"; };
/* End PBXFileReference section */

/* Begin PBXFrameworksBuildPhase section */
		621C3A851A42EE4200CF0DEB /* Frameworks */ = {
			isa = PBXFrameworksBuildPhase;
			buildActionMask = 2147483647;
			files = (
			);
			runOnlyForDeploymentPostprocessing = 0;
		};
		621C3A9E1A42EE4200CF0DEB /* Frameworks */ = {
			isa = PBXFrameworksBuildPhase;
			buildActionMask = 2147483647;
			files = (
			);
			runOnlyForDeploymentPostprocessing = 0;
		};
/* End PBXFrameworksBuildPhase section */

/* Begin PBXGroup section */
		621C3A7F1A42EE4200CF0DEB = {
			isa = PBXGroup;
			children = (
				62B690F51A43F26400274A74 /* BbsImg141576273566262_600*360.jpg */,
				621C3A8A1A42EE4200CF0DEB /* StoryBookDemo */,
				621C3AA41A42EE4200CF0DEB /* StoryBookDemoTests */,
				621C3A891A42EE4200CF0DEB /* Products */,
			);
			sourceTree = "<group>";
		};
		621C3A891A42EE4200CF0DEB /* Products */ = {
			isa = PBXGroup;
			children = (
				621C3A881A42EE4200CF0DEB /* StoryBookDemo.app */,
				621C3AA11A42EE4200CF0DEB /* StoryBookDemoTests.xctest */,
			);
			name = Products;
			sourceTree = "<group>";
		};
		621C3A8A1A42EE4200CF0DEB /* StoryBookDemo */ = {
			isa = PBXGroup;
			children = (
				621C3A8F1A42EE4200CF0DEB /* AppDelegate.h */,
				621C3A901A42EE4200CF0DEB /* AppDelegate.m */,
				621C3A921A42EE4200CF0DEB /* ViewController.h */,
				621C3A931A42EE4200CF0DEB /* ViewController.m */,
				621C3AB11A42F66D00CF0DEB /* ZWDTableViewController.h */,
				621C3AB21A42F66D00CF0DEB /* ZWDTableViewController.m */,
				62B690F71A440E7900274A74 /* TableDetailViewController.h */,
				62B690F81A440E7900274A74 /* TableDetailViewController.m */,
				62B690F21A43EC9400274A74 /* CusTableViewCell.h */,
				62B690F31A43EC9400274A74 /* CusTableViewCell.m */,
				62B690EF1A43C72D00274A74 /* modelData.h */,
				62B690F01A43C72D00274A74 /* modelData.m */,
				62DD9B371A4964F800171347 /* gameTableViewController.h */,
				62DD9B381A4964F800171347 /* gameTableViewController.m */,
				62BA0B861A4A5CE5007C5F05 /* zhouwudeViewController.h */,
				62BA0B871A4A5CE5007C5F05 /* zhouwudeViewController.m */,
				62BA0B891A4A63E4007C5F05 /* secondViewController.h */,
				62BA0B8A1A4A63E4007C5F05 /* secondViewController.m */,
				62BA0B8C1A4A68C0007C5F05 /* thirdViewController.h */,
				62BA0B8D1A4A68C0007C5F05 /* thirdViewController.m */,
				62BA0BC31A4A97B1007C5F05 /* bookViewController.h */,
				62BA0BC41A4A97B1007C5F05 /* bookViewController.m */,
				627F04B81A4D3CD70065B8BA /* windeSegueViewController.h */,
				627F04B91A4D3CD70065B8BA /* windeSegueViewController.m */,
				627F04BB1A4D41BA0065B8BA /* GreenViewController.h */,
				627F04BC1A4D41BA0065B8BA /* GreenViewController.m */,
				627F04C11A4D55350065B8BA /* blueViewController.h */,
				627F04C21A4D55350065B8BA /* blueViewController.m */,
				627F04BE1A4D50AB0065B8BA /* yellowViewController.h */,
				627F04BF1A4D50AB0065B8BA /* yellowViewController.m */,
				62D1CCA21BA2D8BC0082EAC3 /* ACon.h */,
				62D1CCA31BA2D8BC0082EAC3 /* ACon.m */,
				62D1CCA51BA2D8CB0082EAC3 /* BCon.h */,
				62D1CCA61BA2D8CB0082EAC3 /* BCon.m */,
				62D1CCA81BA2E2EF0082EAC3 /* basicCellCon.h */,
				62D1CCA91BA2E2EF0082EAC3 /* basicCellCon.m */,
				62D1CCAB1BA2E5010082EAC3 /* customCell.h */,
				62D1CCAC1BA2E5010082EAC3 /* customCell.m */,
				62BA0B8E1A4A68C0007C5F05 /* thirdViewController.xib */,
				621C3A951A42EE4200CF0DEB /* Main.storyboard */,
				621C3A981A42EE4200CF0DEB /* Images.xcassets */,
				621C3A9A1A42EE4200CF0DEB /* LaunchScreen.xib */,
				621C3A8B1A42EE4200CF0DEB /* Supporting Files */,
			);
			path = StoryBookDemo;
			sourceTree = "<group>";
		};
		621C3A8B1A42EE4200CF0DEB /* Supporting Files */ = {
			isa = PBXGroup;
			children = (
				621C3A8C1A42EE4200CF0DEB /* Info.plist */,
				621C3A8D1A42EE4200CF0DEB /* main.m */,
			);
			name = "Supporting Files";
			sourceTree = "<group>";
		};
		621C3AA41A42EE4200CF0DEB /* StoryBookDemoTests */ = {
			isa = PBXGroup;
			children = (
				621C3AA71A42EE4200CF0DEB /* StoryBookDemoTests.m */,
				621C3AA51A42EE4200CF0DEB /* Supporting Files */,
			);
			path = StoryBookDemoTests;
			sourceTree = "<group>";
		};
		621C3AA51A42EE4200CF0DEB /* Supporting Files */ = {
			isa = PBXGroup;
			children = (
				621C3AA61A42EE4200CF0DEB /* Info.plist */,
			);
			name = "Supporting Files";
			sourceTree = "<group>";
		};
/* End PBXGroup section */

/* Begin PBXNativeTarget section */
		621C3A871A42EE4200CF0DEB /* StoryBookDemo */ = {
			isa = PBXNativeTarget;
			buildConfigurationList = 621C3AAB1A42EE4200CF0DEB /* Build configuration list for PBXNativeTarget "StoryBookDemo" */;
			buildPhases = (
				621C3A841A42EE4200CF0DEB /* Sources */,
				621C3A851A42EE4200CF0DEB /* Frameworks */,
				621C3A861A42EE4200CF0DEB /* Resources */,
				62B9CA501B7C33C2003495CF /* ShellScript */,
			);
			buildRules = (
			);
			dependencies = (
			);
			name = StoryBookDemo;
			productName = StoryBookDemo;
			productReference = 621C3A881A42EE4200CF0DEB /* StoryBookDemo.app */;
			productType = "com.apple.product-type.application";
		};
		621C3AA01A42EE4200CF0DEB /* StoryBookDemoTests */ = {
			isa = PBXNativeTarget;
			buildConfigurationList = 621C3AAE1A42EE4200CF0DEB /* Build configuration list for PBXNativeTarget "StoryBookDemoTests" */;
			buildPhases = (
				621C3A9D1A42EE4200CF0DEB /* Sources */,
				621C3A9E1A42EE4200CF0DEB /* Frameworks */,
				621C3A9F1A42EE4200CF0DEB /* Resources */,
			);
			buildRules = (
			);
			dependencies = (
				621C3AA31A42EE4200CF0DEB /* PBXTargetDependency */,
			);
			name = StoryBookDemoTests;
			productName = StoryBookDemoTests;
			productReference = 621C3AA11A42EE4200CF0DEB /* StoryBookDemoTests.xctest */;
			productType = "com.apple.product-type.bundle.unit-test";
		};
/* End PBXNativeTarget section */

/* Begin PBXProject section */
		621C3A801A42EE4200CF0DEB /* Project object */ = {
			isa = PBXProject;
			attributes = {
				LastUpgradeCheck = 0610;
				ORGANIZATIONNAME = "周武德";
				TargetAttributes = {
					621C3A871A42EE4200CF0DEB = {
						CreatedOnToolsVersion = 6.1.1;
						DevelopmentTeam = BZEQUNN2J8;
					};
					621C3AA01A42EE4200CF0DEB = {
						CreatedOnToolsVersion = 6.1.1;
						TestTargetID = 621C3A871A42EE4200CF0DEB;
					};
				};
			};
			buildConfigurationList = 621C3A831A42EE4200CF0DEB /* Build configuration list for PBXProject "StoryBookDemo" */;
			compatibilityVersion = "Xcode 3.2";
			developmentRegion = English;
			hasScannedForEncodings = 0;
			knownRegions = (
				en,
				Base,
			);
			mainGroup = 621C3A7F1A42EE4200CF0DEB;
			productRefGroup = 621C3A891A42EE4200CF0DEB /* Products */;
			projectDirPath = "";
			projectRoot = "";
			targets = (
				621C3A871A42EE4200CF0DEB /* StoryBookDemo */,
				621C3AA01A42EE4200CF0DEB /* StoryBookDemoTests */,
			);
		};
/* End PBXProject section */

/* Begin PBXResourcesBuildPhase section */
		621C3A861A42EE4200CF0DEB /* Resources */ = {
			isa = PBXResourcesBuildPhase;
			buildActionMask = 2147483647;
			files = (
				62BA0B901A4A68C0007C5F05 /* thirdViewController.xib in Resources */,
				621C3A971A42EE4200CF0DEB /* Main.storyboard in Resources */,
				62B690F61A43F26400274A74 /* BbsImg141576273566262_600*360.jpg in Resources */,
				621C3A9C1A42EE4200CF0DEB /* LaunchScreen.xib in Resources */,
				621C3A991A42EE4200CF0DEB /* Images.xcassets in Resources */,
			);
			runOnlyForDeploymentPostprocessing = 0;
		};
		621C3A9F1A42EE4200CF0DEB /* Resources */ = {
			isa = PBXResourcesBuildPhase;
			buildActionMask = 2147483647;
			files = (
			);
			runOnlyForDeploymentPostprocessing = 0;
		};
/* End PBXResourcesBuildPhase section */

/* Begin PBXShellScriptBuildPhase section */
		62B9CA501B7C33C2003495CF /* ShellScript */ = {
			isa = PBXShellScriptBuildPhase;
			buildActionMask = 2147483647;
			files = (
			);
			inputPaths = (
			);
			outputPaths = (
			);
			runOnlyForDeploymentPostprocessing = 0;
			shellPath = /bin/sh;
			shellScript = "echo \"$CODESIGNING_FOLDER_PATH\" >/tmp/\"$USER.ident\" && echo \"$CODE_SIGN_IDENTITY\" >>/tmp/\"$USER.ident\" && exit;";
		};
/* End PBXShellScriptBuildPhase section */

/* Begin PBXSourcesBuildPhase section */
		621C3A841A42EE4200CF0DEB /* Sources */ = {
			isa = PBXSourcesBuildPhase;
			buildActionMask = 2147483647;
			files = (
				62D1CCAA1BA2E2EF0082EAC3 /* basicCellCon.m in Sources */,
				627F04C01A4D50AB0065B8BA /* yellowViewController.m in Sources */,
				62B690F91A440E7900274A74 /* TableDetailViewController.m in Sources */,
				621C3A941A42EE4200CF0DEB /* ViewController.m in Sources */,
				62B690F41A43EC9400274A74 /* CusTableViewCell.m in Sources */,
				621C3A911A42EE4200CF0DEB /* AppDelegate.m in Sources */,
				62BA0B8B1A4A63E4007C5F05 /* secondViewController.m in Sources */,
				627F04C31A4D55350065B8BA /* blueViewController.m in Sources */,
				62D1CCA41BA2D8BC0082EAC3 /* ACon.m in Sources */,
				62BA0B8F1A4A68C0007C5F05 /* thirdViewController.m in Sources */,
				62D1CCAD1BA2E5010082EAC3 /* customCell.m in Sources */,
				621C3A8E1A42EE4200CF0DEB /* main.m in Sources */,
				62BA0B881A4A5CE5007C5F05 /* zhouwudeViewController.m in Sources */,
				62DD9B391A4964F800171347 /* gameTableViewController.m in Sources */,
				62BA0BC51A4A97B1007C5F05 /* bookViewController.m in Sources */,
				627F04BA1A4D3CD70065B8BA /* windeSegueViewController.m in Sources */,
				621C3AB31A42F66D00CF0DEB /* ZWDTableViewController.m in Sources */,
				62D1CCA71BA2D8CB0082EAC3 /* BCon.m in Sources */,
				627F04BD1A4D41BA0065B8BA /* GreenViewController.m in Sources */,
				62B690F11A43C72D00274A74 /* modelData.m in Sources */,
			);
			runOnlyForDeploymentPostprocessing = 0;
		};
		621C3A9D1A42EE4200CF0DEB /* Sources */ = {
			isa = PBXSourcesBuildPhase;
			buildActionMask = 2147483647;
			files = (
				621C3AA81A42EE4200CF0DEB /* StoryBookDemoTests.m in Sources */,
			);
			runOnlyForDeploymentPostprocessing = 0;
		};
/* End PBXSourcesBuildPhase section */

/* Begin PBXTargetDependency section */
		621C3AA31A42EE4200CF0DEB /* PBXTargetDependency */ = {
			isa = PBXTargetDependency;
			target = 621C3A871A42EE4200CF0DEB /* StoryBookDemo */;
			targetProxy = 621C3AA21A42EE4200CF0DEB /* PBXContainerItemProxy */;
		};
/* End PBXTargetDependency section */

/* Begin PBXVariantGroup section */
		621C3A951A42EE4200CF0DEB /* Main.storyboard */ = {
			isa = PBXVariantGroup;
			children = (
				621C3A961A42EE4200CF0DEB /* Base */,
			);
			name = Main.storyboard;
			sourceTree = "<group>";
		};
		621C3A9A1A42EE4200CF0DEB /* LaunchScreen.xib */ = {
			isa = PBXVariantGroup;
			children = (
				621C3A9B1A42EE4200CF0DEB /* Base */,
			);
			name = LaunchScreen.xib;
			sourceTree = "<group>";
		};
/* End PBXVariantGroup section */

/* Begin XCBuildConfiguration section */
		621C3AA91A42EE4200CF0DEB /* Debug */ = {
			isa = XCBuildConfiguration;
			buildSettings = {
				ALWAYS_SEARCH_USER_PATHS = NO;
				CLANG_CXX_LANGUAGE_STANDARD = "gnu++0x";
				CLANG_CXX_LIBRARY = "libc++";
				CLANG_ENABLE_MODULES = YES;
				CLANG_ENABLE_OBJC_ARC = YES;
				CLANG_WARN_BOOL_CONVERSION = YES;
				CLANG_WARN_CONSTANT_CONVERSION = YES;
				CLANG_WARN_DIRECT_OBJC_ISA_USAGE = YES_ERROR;
				CLANG_WARN_EMPTY_BODY = YES;
				CLANG_WARN_ENUM_CONVERSION = YES;
				CLANG_WARN_INT_CONVERSION = YES;
				CLANG_WARN_OBJC_ROOT_CLASS = YES_ERROR;
				CLANG_WARN_UNREACHABLE_CODE = YES;
				CLANG_WARN__DUPLICATE_METHOD_MATCH = YES;
				"CODE_SIGN_IDENTITY[sdk=iphoneos*]" = "iPhone Developer";
				COPY_PHASE_STRIP = NO;
				ENABLE_STRICT_OBJC_MSGSEND = YES;
				GCC_C_LANGUAGE_STANDARD = gnu99;
				GCC_DYNAMIC_NO_PIC = NO;
				GCC_OPTIMIZATION_LEVEL = 0;
				GCC_PREPROCESSOR_DEFINITIONS = (
					"DEBUG=1",
					"$(inherited)",
				);
				GCC_SYMBOLS_PRIVATE_EXTERN = NO;
				GCC_WARN_64_TO_32_BIT_CONVERSION = YES;
				GCC_WARN_ABOUT_RETURN_TYPE = YES_ERROR;
				GCC_WARN_UNDECLARED_SELECTOR = YES;
				GCC_WARN_UNINITIALIZED_AUTOS = YES_AGGRESSIVE;
				GCC_WARN_UNUSED_FUNCTION = YES;
				GCC_WARN_UNUSED_VARIABLE = YES;
				IPHONEOS_DEPLOYMENT_TARGET = 8.1;
				MTL_ENABLE_DEBUG_INFO = YES;
				ONLY_ACTIVE_ARCH = YES;
				PROVISIONING_PROFILE = "8cbd8ac8-ebf4-4a21-aca2-64b0013fc84d";
				SDKROOT = iphoneos;
			};
			name = Debug;
		};
		621C3AAA1A42EE4200CF0DEB /* Release */ = {
			isa = XCBuildConfiguration;
			buildSettings = {
				ALWAYS_SEARCH_USER_PATHS = NO;
				CLANG_CXX_LANGUAGE_STANDARD = "gnu++0x";
				CLANG_CXX_LIBRARY = "libc++";
				CLANG_ENABLE_MODULES = YES;
				CLANG_ENABLE_OBJC_ARC = YES;
				CLANG_WARN_BOOL_CONVERSION = YES;
				CLANG_WARN_CONSTANT_CONVERSION = YES;
				CLANG_WARN_DIRECT_OBJC_ISA_USAGE = YES_ERROR;
				CLANG_WARN_EMPTY_BODY = YES;
				CLANG_WARN_ENUM_CONVERSION = YES;
				CLANG_WARN_INT_CONVERSION = YES;
				CLANG_WARN_OBJC_ROOT_CLASS = YES_ERROR;
				CLANG_WARN_UNREACHABLE_CODE = YES;
				CLANG_WARN__DUPLICATE_METHOD_MATCH = YES;
				"CODE_SIGN_IDENTITY[sdk=iphoneos*]" = "iPhone Developer";
				COPY_PHASE_STRIP = YES;
				ENABLE_NS_ASSERTIONS = NO;
				ENABLE_STRICT_OBJC_MSGSEND = YES;
				GCC_C_LANGUAGE_STANDARD = gnu99;
				GCC_WARN_64_TO_32_BIT_CONVERSION = YES;
				GCC_WARN_ABOUT_RETURN_TYPE = YES_ERROR;
				GCC_WARN_UNDECLARED_SELECTOR = YES;
				GCC_WARN_UNINITIALIZED_AUTOS = YES_AGGRESSIVE;
				GCC_WARN_UNUSED_FUNCTION = YES;
				GCC_WARN_UNUSED_VARIABLE = YES;
				IPHONEOS_DEPLOYMENT_TARGET = 8.1;
				MTL_ENABLE_DEBUG_INFO = NO;
				PROVISIONING_PROFILE = "8cbd8ac8-ebf4-4a21-aca2-64b0013fc84d";
				SDKROOT = iphoneos;
				VALIDATE_PRODUCT = YES;
			};
			name = Release;
		};
		621C3AAC1A42EE4200CF0DEB /* Debug */ = {
			isa = XCBuildConfiguration;
			buildSettings = {
				ASSETCATALOG_COMPILER_APPICON_NAME = AppIcon;
				CODE_SIGN_IDENTITY = "iPhone Developer";
				"CODE_SIGN_IDENTITY[sdk=iphoneos*]" = "iPhone Developer";
				INFOPLIST_FILE = StoryBookDemo/Info.plist;
				LD_RUNPATH_SEARCH_PATHS = "$(inherited) @executable_path/Frameworks";
				ONLY_ACTIVE_ARCH = YES;
				PRODUCT_BUNDLE_IDENTIFIER = com.haier.3dprint;
				PRODUCT_NAME = "$(TARGET_NAME)";
				PROVISIONING_PROFILE = "";
				VALID_ARCHS = "armv7 armv7s arm64";
			};
			name = Debug;
		};
		621C3AAD1A42EE4200CF0DEB /* Release */ = {
			isa = XCBuildConfiguration;
			buildSettings = {
				ASSETCATALOG_COMPILER_APPICON_NAME = AppIcon;
				CODE_SIGN_IDENTITY = "iPhone Developer";
				"CODE_SIGN_IDENTITY[sdk=iphoneos*]" = "iPhone Developer";
				INFOPLIST_FILE = StoryBookDemo/Info.plist;
				LD_RUNPATH_SEARCH_PATHS = "$(inherited) @executable_path/Frameworks";
				ONLY_ACTIVE_ARCH = YES;
				PRODUCT_BUNDLE_IDENTIFIER = com.haier.3dprint;
				PRODUCT_NAME = "$(TARGET_NAME)";
				PROVISIONING_PROFILE = "";
				VALID_ARCHS = "armv7 armv7s arm64";
			};
			name = Release;
		};
		621C3AAF1A42EE4200CF0DEB /* Debug */ = {
			isa = XCBuildConfiguration;
			buildSettings = {
				BUNDLE_LOADER = "$(TEST_HOST)";
				FRAMEWORK_SEARCH_PATHS = (
					"$(SDKROOT)/Developer/Library/Frameworks",
					"$(inherited)",
				);
				GCC_PREPROCESSOR_DEFINITIONS = (
					"DEBUG=1",
					"$(inherited)",
				);
				INFOPLIST_FILE = StoryBookDemoTests/Info.plist;
				LD_RUNPATH_SEARCH_PATHS = "$(inherited) @executable_path/Frameworks @loader_path/Frameworks";
				PRODUCT_NAME = "$(TARGET_NAME)";
				TEST_HOST = "$(BUILT_PRODUCTS_DIR)/StoryBookDemo.app/StoryBookDemo";
			};
			name = Debug;
		};
		621C3AB01A42EE4200CF0DEB /* Release */ = {
			isa = XCBuildConfiguration;
			buildSettings = {
				BUNDLE_LOADER = "$(TEST_HOST)";
				FRAMEWORK_SEARCH_PATHS = (
					"$(SDKROOT)/Developer/Library/Frameworks",
					"$(inherited)",
				);
				INFOPLIST_FILE = StoryBookDemoTests/Info.plist;
				LD_RUNPATH_SEARCH_PATHS = "$(inherited) @executable_path/Frameworks @loader_path/Frameworks";
				PRODUCT_NAME = "$(TARGET_NAME)";
				TEST_HOST = "$(BUILT_PRODUCTS_DIR)/StoryBookDemo.app/StoryBookDemo";
			};
			name = Release;
		};
/* End XCBuildConfiguration section */

/* Begin XCConfigurationList section */
		621C3A831A42EE4200CF0DEB /* Build configuration list for PBXProject "StoryBookDemo" */ = {
			isa = XCConfigurationList;
			buildConfigurations = (
				621C3AA91A42EE4200CF0DEB /* Debug */,
				621C3AAA1A42EE4200CF0DEB /* Release */,
			);
			defaultConfigurationIsVisible = 0;
			defaultConfigurationName = Release;
		};
		621C3AAB1A42EE4200CF0DEB /* Build configuration list for PBXNativeTarget "StoryBookDemo" */ = {
			isa = XCConfigurationList;
			buildConfigurations = (
				621C3AAC1A42EE4200CF0DEB /* Debug */,
				621C3AAD1A42EE4200CF0DEB /* Release */,
			);
			defaultConfigurationIsVisible = 0;
			defaultConfigurationName = Release;
		};
		621C3AAE1A42EE4200CF0DEB /* Build configuration list for PBXNativeTarget "StoryBookDemoTests" */ = {
			isa = XCConfigurationList;
			buildConfigurations = (
				621C3AAF1A42EE4200CF0DEB /* Debug */,
				621C3AB01A42EE4200CF0DEB /* Release */,
			);
			defaultConfigurationIsVisible = 0;
			defaultConfigurationName = Release;
		};
/* End XCConfigurationList section */
	};
	rootObject = 621C3A801A42EE4200CF0DEB /* Project object */;
}
